// !$*UTF8*$!
{
	archiveVersion = 1;
	classes = {
	};
	objectVersion = 46;
	objects = {

/* Begin PBXBuildFile section */
		2FC7C4CD1F581767002AB65B /* AppDelegate.swift in Sources */ = {isa = PBXBuildFile; fileRef = 2FC7C4CC1F581767002AB65B /* AppDelegate.swift */; };
		2FC7C4CF1F581767002AB65B /* ViewController.swift in Sources */ = {isa = PBXBuildFile; fileRef = 2FC7C4CE1F581767002AB65B /* ViewController.swift */; };
		2FC7C4D21F581767002AB65B /* Main.storyboard in Resources */ = {isa = PBXBuildFile; fileRef = 2FC7C4D01F581767002AB65B /* Main.storyboard */; };
		2FC7C4D41F581767002AB65B /* Assets.xcassets in Resources */ = {isa = PBXBuildFile; fileRef = 2FC7C4D31F581767002AB65B /* Assets.xcassets */; };
		2FC7C4D71F581767002AB65B /* LaunchScreen.storyboard in Resources */ = {isa = PBXBuildFile; fileRef = 2FC7C4D51F581767002AB65B /* LaunchScreen.storyboard */; };
		2FC7C4E21F581767002AB65B /* Delivery_BoyTests.swift in Sources */ = {isa = PBXBuildFile; fileRef = 2FC7C4E11F581767002AB65B /* Delivery_BoyTests.swift */; };
		2FC7C4ED1F581768002AB65B /* Delivery_BoyUITests.swift in Sources */ = {isa = PBXBuildFile; fileRef = 2FC7C4EC1F581768002AB65B /* Delivery_BoyUITests.swift */; };
		2FC7C4FB1F58241E002AB65B /* LogoutController.swift in Sources */ = {isa = PBXBuildFile; fileRef = 2FC7C4FA1F58241E002AB65B /* LogoutController.swift */; };
		2FC7C4FD1F58378A002AB65B /* MapViewController.swift in Sources */ = {isa = PBXBuildFile; fileRef = 2FC7C4FC1F58378A002AB65B /* MapViewController.swift */; };
		2FC7C4FF1F5839AC002AB65B /* CoreLocation.framework in Frameworks */ = {isa = PBXBuildFile; fileRef = 2FC7C4FE1F5839AC002AB65B /* CoreLocation.framework */; };
		2FECDD8B1F5D35160070D689 /* TasksViewController.swift in Sources */ = {isa = PBXBuildFile; fileRef = 2FECDD8A1F5D35160070D689 /* TasksViewController.swift */; };
		2FECDD8F1F5EB25A0070D689 /* GoogleService-Info.plist in Resources */ = {isa = PBXBuildFile; fileRef = 2FECDD8E1F5EB25A0070D689 /* GoogleService-Info.plist */; };
		2FECDD911F5FBEC00070D689 /* ConfigurationFile.swift in Sources */ = {isa = PBXBuildFile; fileRef = 2FECDD901F5FBEC00070D689 /* ConfigurationFile.swift */; };
		2FECDD931F5FCD4C0070D689 /* OTPverifyViewController.swift in Sources */ = {isa = PBXBuildFile; fileRef = 2FECDD921F5FCD4C0070D689 /* OTPverifyViewController.swift */; };
		2FECDD951F6109400070D689 /* TaskDetailViewController.swift in Sources */ = {isa = PBXBuildFile; fileRef = 2FECDD941F6109400070D689 /* TaskDetailViewController.swift */; };
		2FECDD971F6115140070D689 /* TripMapViewController.swift in Sources */ = {isa = PBXBuildFile; fileRef = 2FECDD961F6115140070D689 /* TripMapViewController.swift */; };
		2FECDD9A1F61AF530070D689 /* mapstyle.json in Resources */ = {isa = PBXBuildFile; fileRef = 2FECDD991F61AF530070D689 /* mapstyle.json */; };
		859586DE93CB3F5C8EE5A905 /* Pods_Delivery_BoyUITests.framework in Frameworks */ = {isa = PBXBuildFile; fileRef = 48C4719E131557F4E89EFC89 /* Pods_Delivery_BoyUITests.framework */; };
		8CF397D07BC722D38D05FE96 /* Pods_Delivery_BoyTests.framework in Frameworks */ = {isa = PBXBuildFile; fileRef = D342E765495E6F90231F2A1E /* Pods_Delivery_BoyTests.framework */; };
		92D97643AF75CE5431C0EDED /* Pods_Delivery_Boy.framework in Frameworks */ = {isa = PBXBuildFile; fileRef = 136FBB4E13DE598231BB17F1 /* Pods_Delivery_Boy.framework */; };
/* End PBXBuildFile section */

/* Begin PBXContainerItemProxy section */
		2FC7C4DE1F581767002AB65B /* PBXContainerItemProxy */ = {
			isa = PBXContainerItemProxy;
			containerPortal = 2FC7C4C11F581767002AB65B /* Project object */;
			proxyType = 1;
			remoteGlobalIDString = 2FC7C4C81F581767002AB65B;
			remoteInfo = "Delivery Boy";
		};
		2FC7C4E91F581767002AB65B /* PBXContainerItemProxy */ = {
			isa = PBXContainerItemProxy;
			containerPortal = 2FC7C4C11F581767002AB65B /* Project object */;
			proxyType = 1;
			remoteGlobalIDString = 2FC7C4C81F581767002AB65B;
			remoteInfo = "Delivery Boy";
		};
/* End PBXContainerItemProxy section */

/* Begin PBXFileReference section */
		136FBB4E13DE598231BB17F1 /* Pods_Delivery_Boy.framework */ = {isa = PBXFileReference; explicitFileType = wrapper.framework; includeInIndex = 0; path = Pods_Delivery_Boy.framework; sourceTree = BUILT_PRODUCTS_DIR; };
		1A636402432E17BFEB23B5E9 /* Pods-Delivery BoyTests.debug.xcconfig */ = {isa = PBXFileReference; includeInIndex = 1; lastKnownFileType = text.xcconfig; name = "Pods-Delivery BoyTests.debug.xcconfig"; path = "Pods/Target Support Files/Pods-Delivery BoyTests/Pods-Delivery BoyTests.debug.xcconfig"; sourceTree = "<group>"; };
		2FC7C4C91F581767002AB65B /* Delivery Boy.app */ = {isa = PBXFileReference; explicitFileType = wrapper.application; includeInIndex = 0; path = "Delivery Boy.app"; sourceTree = BUILT_PRODUCTS_DIR; };
		2FC7C4CC1F581767002AB65B /* AppDelegate.swift */ = {isa = PBXFileReference; lastKnownFileType = sourcecode.swift; path = AppDelegate.swift; sourceTree = "<group>"; };
		2FC7C4CE1F581767002AB65B /* ViewController.swift */ = {isa = PBXFileReference; lastKnownFileType = sourcecode.swift; path = ViewController.swift; sourceTree = "<group>"; };
		2FC7C4D11F581767002AB65B /* Base */ = {isa = PBXFileReference; lastKnownFileType = file.storyboard; name = Base; path = Base.lproj/Main.storyboard; sourceTree = "<group>"; };
		2FC7C4D31F581767002AB65B /* Assets.xcassets */ = {isa = PBXFileReference; lastKnownFileType = folder.assetcatalog; path = Assets.xcassets; sourceTree = "<group>"; };
		2FC7C4D61F581767002AB65B /* Base */ = {isa = PBXFileReference; lastKnownFileType = file.storyboard; name = Base; path = Base.lproj/LaunchScreen.storyboard; sourceTree = "<group>"; };
		2FC7C4D81F581767002AB65B /* Info.plist */ = {isa = PBXFileReference; lastKnownFileType = text.plist.xml; path = Info.plist; sourceTree = "<group>"; };
		2FC7C4DD1F581767002AB65B /* Delivery BoyTests.xctest */ = {isa = PBXFileReference; explicitFileType = wrapper.cfbundle; includeInIndex = 0; path = "Delivery BoyTests.xctest"; sourceTree = BUILT_PRODUCTS_DIR; };
		2FC7C4E11F581767002AB65B /* Delivery_BoyTests.swift */ = {isa = PBXFileReference; lastKnownFileType = sourcecode.swift; path = Delivery_BoyTests.swift; sourceTree = "<group>"; };
		2FC7C4E31F581767002AB65B /* Info.plist */ = {isa = PBXFileReference; lastKnownFileType = text.plist.xml; path = Info.plist; sourceTree = "<group>"; };
		2FC7C4E81F581767002AB65B /* Delivery BoyUITests.xctest */ = {isa = PBXFileReference; explicitFileType = wrapper.cfbundle; includeInIndex = 0; path = "Delivery BoyUITests.xctest"; sourceTree = BUILT_PRODUCTS_DIR; };
		2FC7C4EC1F581768002AB65B /* Delivery_BoyUITests.swift */ = {isa = PBXFileReference; lastKnownFileType = sourcecode.swift; path = Delivery_BoyUITests.swift; sourceTree = "<group>"; };
		2FC7C4EE1F581768002AB65B /* Info.plist */ = {isa = PBXFileReference; lastKnownFileType = text.plist.xml; path = Info.plist; sourceTree = "<group>"; };
		2FC7C4FA1F58241E002AB65B /* LogoutController.swift */ = {isa = PBXFileReference; fileEncoding = 4; lastKnownFileType = sourcecode.swift; path = LogoutController.swift; sourceTree = "<group>"; };
		2FC7C4FC1F58378A002AB65B /* MapViewController.swift */ = {isa = PBXFileReference; fileEncoding = 4; lastKnownFileType = sourcecode.swift; path = MapViewController.swift; sourceTree = "<group>"; };
		2FC7C4FE1F5839AC002AB65B /* CoreLocation.framework */ = {isa = PBXFileReference; lastKnownFileType = wrapper.framework; name = CoreLocation.framework; path = System/Library/Frameworks/CoreLocation.framework; sourceTree = SDKROOT; };
		2FECDD8A1F5D35160070D689 /* TasksViewController.swift */ = {isa = PBXFileReference; fileEncoding = 4; lastKnownFileType = sourcecode.swift; path = TasksViewController.swift; sourceTree = "<group>"; };
		2FECDD8C1F5E83A30070D689 /* Bottomsheet.framework */ = {isa = PBXFileReference; lastKnownFileType = wrapper.framework; name = Bottomsheet.framework; path = "../../../Library/Developer/Xcode/DerivedData/Delivery_Boy-fmelunoeqghllefptsrnctazcang/Build/Products/Debug-iphoneos/Bottomsheet/Bottomsheet.framework"; sourceTree = "<group>"; };
		2FECDD8E1F5EB25A0070D689 /* GoogleService-Info.plist */ = {isa = PBXFileReference; fileEncoding = 4; lastKnownFileType = text.plist.xml; path = "GoogleService-Info.plist"; sourceTree = "<group>"; };
		2FECDD901F5FBEC00070D689 /* ConfigurationFile.swift */ = {isa = PBXFileReference; fileEncoding = 4; lastKnownFileType = sourcecode.swift; path = ConfigurationFile.swift; sourceTree = "<group>"; };
		2FECDD921F5FCD4C0070D689 /* OTPverifyViewController.swift */ = {isa = PBXFileReference; fileEncoding = 4; lastKnownFileType = sourcecode.swift; path = OTPverifyViewController.swift; sourceTree = "<group>"; };
		2FECDD941F6109400070D689 /* TaskDetailViewController.swift */ = {isa = PBXFileReference; fileEncoding = 4; lastKnownFileType = sourcecode.swift; path = TaskDetailViewController.swift; sourceTree = "<group>"; };
		2FECDD961F6115140070D689 /* TripMapViewController.swift */ = {isa = PBXFileReference; fileEncoding = 4; lastKnownFileType = sourcecode.swift; path = TripMapViewController.swift; sourceTree = "<group>"; };
		2FECDD981F6153F20070D689 /* DubaiGPX.gpx */ = {isa = PBXFileReference; lastKnownFileType = text.xml; path = DubaiGPX.gpx; sourceTree = "<group>"; };
		2FECDD991F61AF530070D689 /* mapstyle.json */ = {isa = PBXFileReference; fileEncoding = 4; lastKnownFileType = text.json; path = mapstyle.json; sourceTree = "<group>"; };
		48C4719E131557F4E89EFC89 /* Pods_Delivery_BoyUITests.framework */ = {isa = PBXFileReference; explicitFileType = wrapper.framework; includeInIndex = 0; path = Pods_Delivery_BoyUITests.framework; sourceTree = BUILT_PRODUCTS_DIR; };
		4ECB7FB4D85AE8226FC159C2 /* Pods-Delivery BoyUITests.debug.xcconfig */ = {isa = PBXFileReference; includeInIndex = 1; lastKnownFileType = text.xcconfig; name = "Pods-Delivery BoyUITests.debug.xcconfig"; path = "Pods/Target Support Files/Pods-Delivery BoyUITests/Pods-Delivery BoyUITests.debug.xcconfig"; sourceTree = "<group>"; };
		6EDA89642A8D91253D14F668 /* Pods-Delivery Boy.debug.xcconfig */ = {isa = PBXFileReference; includeInIndex = 1; lastKnownFileType = text.xcconfig; name = "Pods-Delivery Boy.debug.xcconfig"; path = "Pods/Target Support Files/Pods-Delivery Boy/Pods-Delivery Boy.debug.xcconfig"; sourceTree = "<group>"; };
		77CC4C024749A5EA13D2D528 /* Pods-Delivery BoyTests.release.xcconfig */ = {isa = PBXFileReference; includeInIndex = 1; lastKnownFileType = text.xcconfig; name = "Pods-Delivery BoyTests.release.xcconfig"; path = "Pods/Target Support Files/Pods-Delivery BoyTests/Pods-Delivery BoyTests.release.xcconfig"; sourceTree = "<group>"; };
		CDABBF0A885C583358F26329 /* Pods-Delivery BoyUITests.release.xcconfig */ = {isa = PBXFileReference; includeInIndex = 1; lastKnownFileType = text.xcconfig; name = "Pods-Delivery BoyUITests.release.xcconfig"; path = "Pods/Target Support Files/Pods-Delivery BoyUITests/Pods-Delivery BoyUITests.release.xcconfig"; sourceTree = "<group>"; };
		D140AC2C9FDAD547EB0D9078 /* Pods-Delivery Boy.release.xcconfig */ = {isa = PBXFileReference; includeInIndex = 1; lastKnownFileType = text.xcconfig; name = "Pods-Delivery Boy.release.xcconfig"; path = "Pods/Target Support Files/Pods-Delivery Boy/Pods-Delivery Boy.release.xcconfig"; sourceTree = "<group>"; };
		D342E765495E6F90231F2A1E /* Pods_Delivery_BoyTests.framework */ = {isa = PBXFileReference; explicitFileType = wrapper.framework; includeInIndex = 0; path = Pods_Delivery_BoyTests.framework; sourceTree = BUILT_PRODUCTS_DIR; };
/* End PBXFileReference section */

/* Begin PBXFrameworksBuildPhase section */
		2FC7C4C61F581767002AB65B /* Frameworks */ = {
			isa = PBXFrameworksBuildPhase;
			buildActionMask = 2147483647;
			files = (
				2FC7C4FF1F5839AC002AB65B /* CoreLocation.framework in Frameworks */,
				92D97643AF75CE5431C0EDED /* Pods_Delivery_Boy.framework in Frameworks */,
			);
			runOnlyForDeploymentPostprocessing = 0;
		};
		2FC7C4DA1F581767002AB65B /* Frameworks */ = {
			isa = PBXFrameworksBuildPhase;
			buildActionMask = 2147483647;
			files = (
				8CF397D07BC722D38D05FE96 /* Pods_Delivery_BoyTests.framework in Frameworks */,
			);
			runOnlyForDeploymentPostprocessing = 0;
		};
		2FC7C4E51F581767002AB65B /* Frameworks */ = {
			isa = PBXFrameworksBuildPhase;
			buildActionMask = 2147483647;
			files = (
				859586DE93CB3F5C8EE5A905 /* Pods_Delivery_BoyUITests.framework in Frameworks */,
			);
			runOnlyForDeploymentPostprocessing = 0;
		};
/* End PBXFrameworksBuildPhase section */

/* Begin PBXGroup section */
		2FC7C4C01F581767002AB65B = {
			isa = PBXGroup;
			children = (
				2FC7C4CB1F581767002AB65B /* Delivery Boy */,
				2FC7C4E01F581767002AB65B /* Delivery BoyTests */,
				2FC7C4EB1F581768002AB65B /* Delivery BoyUITests */,
				2FC7C4CA1F581767002AB65B /* Products */,
				46769B071ACC403553FF6560 /* Pods */,
				7B77B55469E83705721D695A /* Frameworks */,
			);
			sourceTree = "<group>";
		};
		2FC7C4CA1F581767002AB65B /* Products */ = {
			isa = PBXGroup;
			children = (
				2FC7C4C91F581767002AB65B /* Delivery Boy.app */,
				2FC7C4DD1F581767002AB65B /* Delivery BoyTests.xctest */,
				2FC7C4E81F581767002AB65B /* Delivery BoyUITests.xctest */,
			);
			name = Products;
			sourceTree = "<group>";
		};
		2FC7C4CB1F581767002AB65B /* Delivery Boy */ = {
			isa = PBXGroup;
			children = (
				2FC7C4CC1F581767002AB65B /* AppDelegate.swift */,
				2FECDD901F5FBEC00070D689 /* ConfigurationFile.swift */,
				2FC7C4CE1F581767002AB65B /* ViewController.swift */,
				2FECDD921F5FCD4C0070D689 /* OTPverifyViewController.swift */,
				2FC7C4FC1F58378A002AB65B /* MapViewController.swift */,
				2FECDD991F61AF530070D689 /* mapstyle.json */,
				2FC7C4D01F581767002AB65B /* Main.storyboard */,
				2FECDD8A1F5D35160070D689 /* TasksViewController.swift */,
				2FECDD941F6109400070D689 /* TaskDetailViewController.swift */,
				2FECDD961F6115140070D689 /* TripMapViewController.swift */,
				2FC7C4FA1F58241E002AB65B /* LogoutController.swift */,
				2FECDD981F6153F20070D689 /* DubaiGPX.gpx */,
				2FC7C4D31F581767002AB65B /* Assets.xcassets */,
				2FC7C4D51F581767002AB65B /* LaunchScreen.storyboard */,
				2FC7C4D81F581767002AB65B /* Info.plist */,
				2FECDD8E1F5EB25A0070D689 /* GoogleService-Info.plist */,
			);
			path = "Delivery Boy";
			sourceTree = "<group>";
		};
		2FC7C4E01F581767002AB65B /* Delivery BoyTests */ = {
			isa = PBXGroup;
			children = (
				2FC7C4E11F581767002AB65B /* Delivery_BoyTests.swift */,
				2FC7C4E31F581767002AB65B /* Info.plist */,
			);
			path = "Delivery BoyTests";
			sourceTree = "<group>";
		};
		2FC7C4EB1F581768002AB65B /* Delivery BoyUITests */ = {
			isa = PBXGroup;
			children = (
				2FC7C4EC1F581768002AB65B /* Delivery_BoyUITests.swift */,
				2FC7C4EE1F581768002AB65B /* Info.plist */,
			);
			path = "Delivery BoyUITests";
			sourceTree = "<group>";
		};
		46769B071ACC403553FF6560 /* Pods */ = {
			isa = PBXGroup;
			children = (
				6EDA89642A8D91253D14F668 /* Pods-Delivery Boy.debug.xcconfig */,
				D140AC2C9FDAD547EB0D9078 /* Pods-Delivery Boy.release.xcconfig */,
				1A636402432E17BFEB23B5E9 /* Pods-Delivery BoyTests.debug.xcconfig */,
				77CC4C024749A5EA13D2D528 /* Pods-Delivery BoyTests.release.xcconfig */,
				4ECB7FB4D85AE8226FC159C2 /* Pods-Delivery BoyUITests.debug.xcconfig */,
				CDABBF0A885C583358F26329 /* Pods-Delivery BoyUITests.release.xcconfig */,
			);
			name = Pods;
			sourceTree = "<group>";
		};
		7B77B55469E83705721D695A /* Frameworks */ = {
			isa = PBXGroup;
			children = (
				2FECDD8C1F5E83A30070D689 /* Bottomsheet.framework */,
				2FC7C4FE1F5839AC002AB65B /* CoreLocation.framework */,
				136FBB4E13DE598231BB17F1 /* Pods_Delivery_Boy.framework */,
				D342E765495E6F90231F2A1E /* Pods_Delivery_BoyTests.framework */,
				48C4719E131557F4E89EFC89 /* Pods_Delivery_BoyUITests.framework */,
			);
			name = Frameworks;
			sourceTree = "<group>";
		};
/* End PBXGroup section */

/* Begin PBXNativeTarget section */
		2FC7C4C81F581767002AB65B /* Delivery Boy */ = {
			isa = PBXNativeTarget;
			buildConfigurationList = 2FC7C4F11F581768002AB65B /* Build configuration list for PBXNativeTarget "Delivery Boy" */;
			buildPhases = (
				FED8E8B349188BE1E2F021D0 /* [CP] Check Pods Manifest.lock */,
				2FC7C4C51F581767002AB65B /* Sources */,
				2FC7C4C61F581767002AB65B /* Frameworks */,
				2FC7C4C71F581767002AB65B /* Resources */,
				D86706A4EBB4DFB94309C928 /* [CP] Embed Pods Frameworks */,
				D69461B3FB872C86EC8A5893 /* [CP] Copy Pods Resources */,
			);
			buildRules = (
			);
			dependencies = (
			);
			name = "Delivery Boy";
			productName = "Delivery Boy";
			productReference = 2FC7C4C91F581767002AB65B /* Delivery Boy.app */;
			productType = "com.apple.product-type.application";
		};
		2FC7C4DC1F581767002AB65B /* Delivery BoyTests */ = {
			isa = PBXNativeTarget;
			buildConfigurationList = 2FC7C4F41F581768002AB65B /* Build configuration list for PBXNativeTarget "Delivery BoyTests" */;
			buildPhases = (
				25E223E7AD069B3C558F0E2A /* [CP] Check Pods Manifest.lock */,
				2FC7C4D91F581767002AB65B /* Sources */,
				2FC7C4DA1F581767002AB65B /* Frameworks */,
				2FC7C4DB1F581767002AB65B /* Resources */,
				03006A1C318CF422B0BF346A /* [CP] Embed Pods Frameworks */,
				BFE6AC41618848ED21B28558 /* [CP] Copy Pods Resources */,
			);
			buildRules = (
			);
			dependencies = (
				2FC7C4DF1F581767002AB65B /* PBXTargetDependency */,
			);
			name = "Delivery BoyTests";
			productName = "Delivery BoyTests";
			productReference = 2FC7C4DD1F581767002AB65B /* Delivery BoyTests.xctest */;
			productType = "com.apple.product-type.bundle.unit-test";
		};
		2FC7C4E71F581767002AB65B /* Delivery BoyUITests */ = {
			isa = PBXNativeTarget;
			buildConfigurationList = 2FC7C4F71F581768002AB65B /* Build configuration list for PBXNativeTarget "Delivery BoyUITests" */;
			buildPhases = (
				8394C77243E32B2CDCBA6A5D /* [CP] Check Pods Manifest.lock */,
				2FC7C4E41F581767002AB65B /* Sources */,
				2FC7C4E51F581767002AB65B /* Frameworks */,
				2FC7C4E61F581767002AB65B /* Resources */,
				6B8DA529B6155F1DE8F2C1DD /* [CP] Embed Pods Frameworks */,
				807C1F840EA742B5655DB958 /* [CP] Copy Pods Resources */,
			);
			buildRules = (
			);
			dependencies = (
				2FC7C4EA1F581767002AB65B /* PBXTargetDependency */,
			);
			name = "Delivery BoyUITests";
			productName = "Delivery BoyUITests";
			productReference = 2FC7C4E81F581767002AB65B /* Delivery BoyUITests.xctest */;
			productType = "com.apple.product-type.bundle.ui-testing";
		};
/* End PBXNativeTarget section */

/* Begin PBXProject section */
		2FC7C4C11F581767002AB65B /* Project object */ = {
			isa = PBXProject;
			attributes = {
				LastSwiftUpdateCheck = 0830;
				LastUpgradeCheck = 0830;
				ORGANIZATIONNAME = "RSTI E-Services";
				TargetAttributes = {
					2FC7C4C81F581767002AB65B = {
						CreatedOnToolsVersion = 8.3.3;
						DevelopmentTeam = XVB5V247FL;
						ProvisioningStyle = Automatic;
						SystemCapabilities = {
							com.apple.BackgroundModes = {
								enabled = 1;
							};
						};
					};
					2FC7C4DC1F581767002AB65B = {
						CreatedOnToolsVersion = 8.3.3;
						DevelopmentTeam = MXU6HC5F88;
						ProvisioningStyle = Automatic;
						TestTargetID = 2FC7C4C81F581767002AB65B;
					};
					2FC7C4E71F581767002AB65B = {
						CreatedOnToolsVersion = 8.3.3;
						DevelopmentTeam = MXU6HC5F88;
						ProvisioningStyle = Automatic;
						TestTargetID = 2FC7C4C81F581767002AB65B;
					};
				};
			};
			buildConfigurationList = 2FC7C4C41F581767002AB65B /* Build configuration list for PBXProject "Delivery Boy" */;
			compatibilityVersion = "Xcode 3.2";
			developmentRegion = English;
			hasScannedForEncodings = 0;
			knownRegions = (
				en,
				Base,
			);
			mainGroup = 2FC7C4C01F581767002AB65B;
			productRefGroup = 2FC7C4CA1F581767002AB65B /* Products */;
			projectDirPath = "";
			projectRoot = "";
			targets = (
				2FC7C4C81F581767002AB65B /* Delivery Boy */,
				2FC7C4DC1F581767002AB65B /* Delivery BoyTests */,
				2FC7C4E71F581767002AB65B /* Delivery BoyUITests */,
			);
		};
/* End PBXProject section */

/* Begin PBXResourcesBuildPhase section */
		2FC7C4C71F581767002AB65B /* Resources */ = {
			isa = PBXResourcesBuildPhase;
			buildActionMask = 2147483647;
			files = (
				2FC7C4D71F581767002AB65B /* LaunchScreen.storyboard in Resources */,
				2FECDD8F1F5EB25A0070D689 /* GoogleService-Info.plist in Resources */,
				2FC7C4D41F581767002AB65B /* Assets.xcassets in Resources */,
				2FECDD9A1F61AF530070D689 /* mapstyle.json in Resources */,
				2FC7C4D21F581767002AB65B /* Main.storyboard in Resources */,
			);
			runOnlyForDeploymentPostprocessing = 0;
		};
		2FC7C4DB1F581767002AB65B /* Resources */ = {
			isa = PBXResourcesBuildPhase;
			buildActionMask = 2147483647;
			files = (
			);
			runOnlyForDeploymentPostprocessing = 0;
		};
		2FC7C4E61F581767002AB65B /* Resources */ = {
			isa = PBXResourcesBuildPhase;
			buildActionMask = 2147483647;
			files = (
			);
			runOnlyForDeploymentPostprocessing = 0;
		};
/* End PBXResourcesBuildPhase section */

/* Begin PBXShellScriptBuildPhase section */
		03006A1C318CF422B0BF346A /* [CP] Embed Pods Frameworks */ = {
			isa = PBXShellScriptBuildPhase;
			buildActionMask = 2147483647;
			files = (
			);
			inputPaths = (
			);
			name = "[CP] Embed Pods Frameworks";
			outputPaths = (
			);
			runOnlyForDeploymentPostprocessing = 0;
			shellPath = /bin/sh;
			shellScript = "\"${SRCROOT}/Pods/Target Support Files/Pods-Delivery BoyTests/Pods-Delivery BoyTests-frameworks.sh\"\n";
			showEnvVarsInLog = 0;
		};
		25E223E7AD069B3C558F0E2A /* [CP] Check Pods Manifest.lock */ = {
			isa = PBXShellScriptBuildPhase;
			buildActionMask = 2147483647;
			files = (
			);
			inputPaths = (
				"${PODS_PODFILE_DIR_PATH}/Podfile.lock",
				"${PODS_ROOT}/Manifest.lock",
			);
			name = "[CP] Check Pods Manifest.lock";
			outputPaths = (
				"$(DERIVED_FILE_DIR)/Pods-Delivery BoyTests-checkManifestLockResult.txt",
			);
			runOnlyForDeploymentPostprocessing = 0;
			shellPath = /bin/sh;
			shellScript = "diff \"${PODS_PODFILE_DIR_PATH}/Podfile.lock\" \"${PODS_ROOT}/Manifest.lock\" > /dev/null\nif [ $? != 0 ] ; then\n    # print error to STDERR\n    echo \"error: The sandbox is not in sync with the Podfile.lock. Run 'pod install' or update your CocoaPods installation.\" >&2\n    exit 1\nfi\n# This output is used by Xcode 'outputs' to avoid re-running this script phase.\necho \"SUCCESS\" > \"${SCRIPT_OUTPUT_FILE_0}\"\n";
			showEnvVarsInLog = 0;
		};
		6B8DA529B6155F1DE8F2C1DD /* [CP] Embed Pods Frameworks */ = {
			isa = PBXShellScriptBuildPhase;
			buildActionMask = 2147483647;
			files = (
			);
			inputPaths = (
			);
			name = "[CP] Embed Pods Frameworks";
			outputPaths = (
			);
			runOnlyForDeploymentPostprocessing = 0;
			shellPath = /bin/sh;
			shellScript = "\"${SRCROOT}/Pods/Target Support Files/Pods-Delivery BoyUITests/Pods-Delivery BoyUITests-frameworks.sh\"\n";
			showEnvVarsInLog = 0;
		};
		807C1F840EA742B5655DB958 /* [CP] Copy Pods Resources */ = {
			isa = PBXShellScriptBuildPhase;
			buildActionMask = 2147483647;
			files = (
			);
			inputPaths = (
			);
			name = "[CP] Copy Pods Resources";
			outputPaths = (
			);
			runOnlyForDeploymentPostprocessing = 0;
			shellPath = /bin/sh;
			shellScript = "\"${SRCROOT}/Pods/Target Support Files/Pods-Delivery BoyUITests/Pods-Delivery BoyUITests-resources.sh\"\n";
			showEnvVarsInLog = 0;
		};
		8394C77243E32B2CDCBA6A5D /* [CP] Check Pods Manifest.lock */ = {
			isa = PBXShellScriptBuildPhase;
			buildActionMask = 2147483647;
			files = (
			);
			inputPaths = (
				"${PODS_PODFILE_DIR_PATH}/Podfile.lock",
				"${PODS_ROOT}/Manifest.lock",
			);
			name = "[CP] Check Pods Manifest.lock";
			outputPaths = (
				"$(DERIVED_FILE_DIR)/Pods-Delivery BoyUITests-checkManifestLockResult.txt",
			);
			runOnlyForDeploymentPostprocessing = 0;
			shellPath = /bin/sh;
			shellScript = "diff \"${PODS_PODFILE_DIR_PATH}/Podfile.lock\" \"${PODS_ROOT}/Manifest.lock\" > /dev/null\nif [ $? != 0 ] ; then\n    # print error to STDERR\n    echo \"error: The sandbox is not in sync with the Podfile.lock. Run 'pod install' or update your CocoaPods installation.\" >&2\n    exit 1\nfi\n# This output is used by Xcode 'outputs' to avoid re-running this script phase.\necho \"SUCCESS\" > \"${SCRIPT_OUTPUT_FILE_0}\"\n";
			showEnvVarsInLog = 0;
		};
		BFE6AC41618848ED21B28558 /* [CP] Copy Pods Resources */ = {
			isa = PBXShellScriptBuildPhase;
			buildActionMask = 2147483647;
			files = (
			);
			inputPaths = (
			);
			name = "[CP] Copy Pods Resources";
			outputPaths = (
			);
			runOnlyForDeploymentPostprocessing = 0;
			shellPath = /bin/sh;
			shellScript = "\"${SRCROOT}/Pods/Target Support Files/Pods-Delivery BoyTests/Pods-Delivery BoyTests-resources.sh\"\n";
			showEnvVarsInLog = 0;
		};
		D69461B3FB872C86EC8A5893 /* [CP] Copy Pods Resources */ = {
			isa = PBXShellScriptBuildPhase;
			buildActionMask = 2147483647;
			files = (
			);
			inputPaths = (
				"${SRCROOT}/Pods/Target Support Files/Pods-Delivery Boy/Pods-Delivery Boy-resources.sh",
				"${PODS_ROOT}/GoogleMaps/Maps/Frameworks/GoogleMaps.framework/Resources/GoogleMaps.bundle",
				"${PODS_ROOT}/GooglePlacePicker/Frameworks/GooglePlacePicker.framework/Resources/GooglePlacePicker.bundle",
				"${PODS_ROOT}/GooglePlaces/Frameworks/GooglePlaces.framework/Resources/GooglePlaces.bundle",
			);
			name = "[CP] Copy Pods Resources";
			outputPaths = (
				"${TARGET_BUILD_DIR}/${UNLOCALIZED_RESOURCES_FOLDER_PATH}",
			);
			runOnlyForDeploymentPostprocessing = 0;
			shellPath = /bin/sh;
			shellScript = "\"${SRCROOT}/Pods/Target Support Files/Pods-Delivery Boy/Pods-Delivery Boy-resources.sh\"\n";
			showEnvVarsInLog = 0;
		};
		D86706A4EBB4DFB94309C928 /* [CP] Embed Pods Frameworks */ = {
			isa = PBXShellScriptBuildPhase;
			buildActionMask = 2147483647;
			files = (
			);
			inputPaths = (
				"${SRCROOT}/Pods/Target Support Files/Pods-Delivery Boy/Pods-Delivery Boy-frameworks.sh",
				"${BUILT_PRODUCTS_DIR}/Alamofire/Alamofire.framework",
				"${BUILT_PRODUCTS_DIR}/GoogleToolboxForMac/GoogleToolboxForMac.framework",
				"${BUILT_PRODUCTS_DIR}/Pulley/Pulley.framework",
				"${BUILT_PRODUCTS_DIR}/leveldb-library/leveldb.framework",
				"${BUILT_PRODUCTS_DIR}/nanopb/nanopb.framework",
			);
			name = "[CP] Embed Pods Frameworks";
			outputPaths = (
				"${TARGET_BUILD_DIR}/${FRAMEWORKS_FOLDER_PATH}/Alamofire.framework",
				"${TARGET_BUILD_DIR}/${FRAMEWORKS_FOLDER_PATH}/GoogleToolboxForMac.framework",
				"${TARGET_BUILD_DIR}/${FRAMEWORKS_FOLDER_PATH}/Pulley.framework",
				"${TARGET_BUILD_DIR}/${FRAMEWORKS_FOLDER_PATH}/leveldb.framework",
				"${TARGET_BUILD_DIR}/${FRAMEWORKS_FOLDER_PATH}/nanopb.framework",
			);
			runOnlyForDeploymentPostprocessing = 0;
			shellPath = /bin/sh;
			shellScript = "\"${SRCROOT}/Pods/Target Support Files/Pods-Delivery Boy/Pods-Delivery Boy-frameworks.sh\"\n";
			showEnvVarsInLog = 0;
		};
		FED8E8B349188BE1E2F021D0 /* [CP] Check Pods Manifest.lock */ = {
			isa = PBXShellScriptBuildPhase;
			buildActionMask = 2147483647;
			files = (
			);
			inputPaths = (
				"${PODS_PODFILE_DIR_PATH}/Podfile.lock",
				"${PODS_ROOT}/Manifest.lock",
			);
			name = "[CP] Check Pods Manifest.lock";
			outputPaths = (
				"$(DERIVED_FILE_DIR)/Pods-Delivery Boy-checkManifestLockResult.txt",
			);
			runOnlyForDeploymentPostprocessing = 0;
			shellPath = /bin/sh;
			shellScript = "diff \"${PODS_PODFILE_DIR_PATH}/Podfile.lock\" \"${PODS_ROOT}/Manifest.lock\" > /dev/null\nif [ $? != 0 ] ; then\n    # print error to STDERR\n    echo \"error: The sandbox is not in sync with the Podfile.lock. Run 'pod install' or update your CocoaPods installation.\" >&2\n    exit 1\nfi\n# This output is used by Xcode 'outputs' to avoid re-running this script phase.\necho \"SUCCESS\" > \"${SCRIPT_OUTPUT_FILE_0}\"\n";
			showEnvVarsInLog = 0;
		};
/* End PBXShellScriptBuildPhase section */

/* Begin PBXSourcesBuildPhase section */
		2FC7C4C51F581767002AB65B /* Sources */ = {
			isa = PBXSourcesBuildPhase;
			buildActionMask = 2147483647;
			files = (
				2FECDD971F6115140070D689 /* TripMapViewController.swift in Sources */,
				2FECDD931F5FCD4C0070D689 /* OTPverifyViewController.swift in Sources */,
				2FECDD911F5FBEC00070D689 /* ConfigurationFile.swift in Sources */,
				2FC7C4FB1F58241E002AB65B /* LogoutController.swift in Sources */,
				2FC7C4CF1F581767002AB65B /* ViewController.swift in Sources */,
				2FECDD8B1F5D35160070D689 /* TasksViewController.swift in Sources */,
				2FC7C4CD1F581767002AB65B /* AppDelegate.swift in Sources */,
				2FECDD951F6109400070D689 /* TaskDetailViewController.swift in Sources */,
				2FC7C4FD1F58378A002AB65B /* MapViewController.swift in Sources */,
			);
			runOnlyForDeploymentPostprocessing = 0;
		};
		2FC7C4D91F581767002AB65B /* Sources */ = {
			isa = PBXSourcesBuildPhase;
			buildActionMask = 2147483647;
			files = (
				2FC7C4E21F581767002AB65B /* Delivery_BoyTests.swift in Sources */,
			);
			runOnlyForDeploymentPostprocessing = 0;
		};
		2FC7C4E41F581767002AB65B /* Sources */ = {
			isa = PBXSourcesBuildPhase;
			buildActionMask = 2147483647;
			files = (
				2FC7C4ED1F581768002AB65B /* Delivery_BoyUITests.swift in Sources */,
			);
			runOnlyForDeploymentPostprocessing = 0;
		};
/* End PBXSourcesBuildPhase section */

/* Begin PBXTargetDependency section */
		2FC7C4DF1F581767002AB65B /* PBXTargetDependency */ = {
			isa = PBXTargetDependency;
			target = 2FC7C4C81F581767002AB65B /* Delivery Boy */;
			targetProxy = 2FC7C4DE1F581767002AB65B /* PBXContainerItemProxy */;
		};
		2FC7C4EA1F581767002AB65B /* PBXTargetDependency */ = {
			isa = PBXTargetDependency;
			target = 2FC7C4C81F581767002AB65B /* Delivery Boy */;
			targetProxy = 2FC7C4E91F581767002AB65B /* PBXContainerItemProxy */;
		};
/* End PBXTargetDependency section */

/* Begin PBXVariantGroup section */
		2FC7C4D01F581767002AB65B /* Main.storyboard */ = {
			isa = PBXVariantGroup;
			children = (
				2FC7C4D11F581767002AB65B /* Base */,
			);
			name = Main.storyboard;
			sourceTree = "<group>";
		};
		2FC7C4D51F581767002AB65B /* LaunchScreen.storyboard */ = {
			isa = PBXVariantGroup;
			children = (
				2FC7C4D61F581767002AB65B /* Base */,
			);
			name = LaunchScreen.storyboard;
			sourceTree = "<group>";
		};
/* End PBXVariantGroup section */

/* Begin XCBuildConfiguration section */
		2FC7C4EF1F581768002AB65B /* Debug */ = {
			isa = XCBuildConfiguration;
			buildSettings = {
				ALWAYS_SEARCH_USER_PATHS = NO;
				CLANG_ANALYZER_NONNULL = YES;
				CLANG_ANALYZER_NUMBER_OBJECT_CONVERSION = YES_AGGRESSIVE;
				CLANG_CXX_LANGUAGE_STANDARD = "gnu++0x";
				CLANG_CXX_LIBRARY = "libc++";
				CLANG_ENABLE_MODULES = YES;
				CLANG_ENABLE_OBJC_ARC = YES;
				CLANG_WARN_BOOL_CONVERSION = YES;
				CLANG_WARN_CONSTANT_CONVERSION = YES;
				CLANG_WARN_DIRECT_OBJC_ISA_USAGE = YES_ERROR;
				CLANG_WARN_DOCUMENTATION_COMMENTS = YES;
				CLANG_WARN_EMPTY_BODY = YES;
				CLANG_WARN_ENUM_CONVERSION = YES;
				CLANG_WARN_INFINITE_RECURSION = YES;
				CLANG_WARN_INT_CONVERSION = YES;
				CLANG_WARN_OBJC_ROOT_CLASS = YES_ERROR;
				CLANG_WARN_SUSPICIOUS_MOVE = YES;
				CLANG_WARN_UNREACHABLE_CODE = YES;
				CLANG_WARN__DUPLICATE_METHOD_MATCH = YES;
				"CODE_SIGN_IDENTITY[sdk=iphoneos*]" = "iPhone Developer";
				COPY_PHASE_STRIP = NO;
				DEBUG_INFORMATION_FORMAT = dwarf;
				ENABLE_STRICT_OBJC_MSGSEND = YES;
				ENABLE_TESTABILITY = YES;
				GCC_C_LANGUAGE_STANDARD = gnu99;
				GCC_DYNAMIC_NO_PIC = NO;
				GCC_NO_COMMON_BLOCKS = YES;
				GCC_OPTIMIZATION_LEVEL = 0;
				GCC_PREPROCESSOR_DEFINITIONS = (
					"DEBUG=1",
					"$(inherited)",
				);
				GCC_WARN_64_TO_32_BIT_CONVERSION = YES;
				GCC_WARN_ABOUT_RETURN_TYPE = YES_ERROR;
				GCC_WARN_UNDECLARED_SELECTOR = YES;
				GCC_WARN_UNINITIALIZED_AUTOS = YES_AGGRESSIVE;
				GCC_WARN_UNUSED_FUNCTION = YES;
				GCC_WARN_UNUSED_VARIABLE = YES;
				IPHONEOS_DEPLOYMENT_TARGET = 10.3;
				MTL_ENABLE_DEBUG_INFO = YES;
				ONLY_ACTIVE_ARCH = YES;
				SDKROOT = iphoneos;
				SWIFT_ACTIVE_COMPILATION_CONDITIONS = DEBUG;
				SWIFT_OPTIMIZATION_LEVEL = "-Onone";
			};
			name = Debug;
		};
		2FC7C4F01F581768002AB65B /* Release */ = {
			isa = XCBuildConfiguration;
			buildSettings = {
				ALWAYS_SEARCH_USER_PATHS = NO;
				CLANG_ANALYZER_NONNULL = YES;
				CLANG_ANALYZER_NUMBER_OBJECT_CONVERSION = YES_AGGRESSIVE;
				CLANG_CXX_LANGUAGE_STANDARD = "gnu++0x";
				CLANG_CXX_LIBRARY = "libc++";
				CLANG_ENABLE_MODULES = YES;
				CLANG_ENABLE_OBJC_ARC = YES;
				CLANG_WARN_BOOL_CONVERSION = YES;
				CLANG_WARN_CONSTANT_CONVERSION = YES;
				CLANG_WARN_DIRECT_OBJC_ISA_USAGE = YES_ERROR;
				CLANG_WARN_DOCUMENTATION_COMMENTS = YES;
				CLANG_WARN_EMPTY_BODY = YES;
				CLANG_WARN_ENUM_CONVERSION = YES;
				CLANG_WARN_INFINITE_RECURSION = YES;
				CLANG_WARN_INT_CONVERSION = YES;
				CLANG_WARN_OBJC_ROOT_CLASS = YES_ERROR;
				CLANG_WARN_SUSPICIOUS_MOVE = YES;
				CLANG_WARN_UNREACHABLE_CODE = YES;
				CLANG_WARN__DUPLICATE_METHOD_MATCH = YES;
				"CODE_SIGN_IDENTITY[sdk=iphoneos*]" = "iPhone Developer";
				COPY_PHASE_STRIP = NO;
				DEBUG_INFORMATION_FORMAT = "dwarf-with-dsym";
				ENABLE_NS_ASSERTIONS = NO;
				ENABLE_STRICT_OBJC_MSGSEND = YES;
				GCC_C_LANGUAGE_STANDARD = gnu99;
				GCC_NO_COMMON_BLOCKS = YES;
				GCC_WARN_64_TO_32_BIT_CONVERSION = YES;
				GCC_WARN_ABOUT_RETURN_TYPE = YES_ERROR;
				GCC_WARN_UNDECLARED_SELECTOR = YES;
				GCC_WARN_UNINITIALIZED_AUTOS = YES_AGGRESSIVE;
				GCC_WARN_UNUSED_FUNCTION = YES;
				GCC_WARN_UNUSED_VARIABLE = YES;
				IPHONEOS_DEPLOYMENT_TARGET = 10.3;
				MTL_ENABLE_DEBUG_INFO = NO;
				SDKROOT = iphoneos;
				SWIFT_OPTIMIZATION_LEVEL = "-Owholemodule";
				VALIDATE_PRODUCT = YES;
			};
			name = Release;
		};
		2FC7C4F21F581768002AB65B /* Debug */ = {
			isa = XCBuildConfiguration;
			baseConfigurationReference = 6EDA89642A8D91253D14F668 /* Pods-Delivery Boy.debug.xcconfig */;
			buildSettings = {
				ASSETCATALOG_COMPILER_APPICON_NAME = AppIcon;
				DEVELOPMENT_TEAM = XVB5V247FL;
				INFOPLIST_FILE = "Delivery Boy/Info.plist";
				IPHONEOS_DEPLOYMENT_TARGET = 9.0;
				LD_RUNPATH_SEARCH_PATHS = "$(inherited) @executable_path/Frameworks";
				PRODUCT_BUNDLE_IDENTIFIER = com.rstintl.deliveryApp;
				PRODUCT_NAME = "$(TARGET_NAME)";
				SWIFT_VERSION = 3.0;
			};
			name = Debug;
		};
		2FC7C4F31F581768002AB65B /* Release */ = {
			isa = XCBuildConfiguration;
			baseConfigurationReference = D140AC2C9FDAD547EB0D9078 /* Pods-Delivery Boy.release.xcconfig */;
			buildSettings = {
				ASSETCATALOG_COMPILER_APPICON_NAME = AppIcon;
				DEVELOPMENT_TEAM = XVB5V247FL;
				INFOPLIST_FILE = "Delivery Boy/Info.plist";
				IPHONEOS_DEPLOYMENT_TARGET = 9.0;
				LD_RUNPATH_SEARCH_PATHS = "$(inherited) @executable_path/Frameworks";
				PRODUCT_BUNDLE_IDENTIFIER = com.rstintl.deliveryApp;
				PRODUCT_NAME = "$(TARGET_NAME)";
				SWIFT_VERSION = 3.0;
			};
			name = Release;
		};
		2FC7C4F51F581768002AB65B /* Debug */ = {
			isa = XCBuildConfiguration;
			baseConfigurationReference = 1A636402432E17BFEB23B5E9 /* Pods-Delivery BoyTests.debug.xcconfig */;
			buildSettings = {
				ALWAYS_EMBED_SWIFT_STANDARD_LIBRARIES = YES;
				BUNDLE_LOADER = "$(TEST_HOST)";
				DEVELOPMENT_TEAM = MXU6HC5F88;
				INFOPLIST_FILE = "Delivery BoyTests/Info.plist";
				LD_RUNPATH_SEARCH_PATHS = "$(inherited) @executable_path/Frameworks @loader_path/Frameworks";
				PRODUCT_BUNDLE_IDENTIFIER = "com.rstintl.docta.Delivery-BoyTests";
				PRODUCT_NAME = "$(TARGET_NAME)";
				SWIFT_VERSION = 3.0;
				TEST_HOST = "$(BUILT_PRODUCTS_DIR)/Delivery Boy.app/Delivery Boy";
			};
			name = Debug;
		};
		2FC7C4F61F581768002AB65B /* Release */ = {
			isa = XCBuildConfiguration;
			baseConfigurationReference = 77CC4C024749A5EA13D2D528 /* Pods-Delivery BoyTests.release.xcconfig */;
			buildSettings = {
				ALWAYS_EMBED_SWIFT_STANDARD_LIBRARIES = YES;
				BUNDLE_LOADER = "$(TEST_HOST)";
				DEVELOPMENT_TEAM = MXU6HC5F88;
				INFOPLIST_FILE = "Delivery BoyTests/Info.plist";
				LD_RUNPATH_SEARCH_PATHS = "$(inherited) @executable_path/Frameworks @loader_path/Frameworks";
				PRODUCT_BUNDLE_IDENTIFIER = "com.rstintl.docta.Delivery-BoyTests";
				PRODUCT_NAME = "$(TARGET_NAME)";
				SWIFT_VERSION = 3.0;
				TEST_HOST = "$(BUILT_PRODUCTS_DIR)/Delivery Boy.app/Delivery Boy";
			};
			name = Release;
		};
		2FC7C4F81F581768002AB65B /* Debug */ = {
			isa = XCBuildConfiguration;
			baseConfigurationReference = 4ECB7FB4D85AE8226FC159C2 /* Pods-Delivery BoyUITests.debug.xcconfig */;
			buildSettings = {
				ALWAYS_EMBED_SWIFT_STANDARD_LIBRARIES = YES;
				DEVELOPMENT_TEAM = MXU6HC5F88;
				INFOPLIST_FILE = "Delivery BoyUITests/Info.plist";
				LD_RUNPATH_SEARCH_PATHS = "$(inherited) @executable_path/Frameworks @loader_path/Frameworks";
				PRODUCT_BUNDLE_IDENTIFIER = "com.rstintl.docta.Delivery-BoyUITests";
				PRODUCT_NAME = "$(TARGET_NAME)";
				SWIFT_VERSION = 3.0;
				TEST_TARGET_NAME = "Delivery Boy";
			};
			name = Debug;
		};
		2FC7C4F91F581768002AB65B /* Release */ = {
			isa = XCBuildConfiguration;
			baseConfigurationReference = CDABBF0A885C583358F26329 /* Pods-Delivery BoyUITests.release.xcconfig */;
			buildSettings = {
				ALWAYS_EMBED_SWIFT_STANDARD_LIBRARIES = YES;
				DEVELOPMENT_TEAM = MXU6HC5F88;
				INFOPLIST_FILE = "Delivery BoyUITests/Info.plist";
				LD_RUNPATH_SEARCH_PATHS = "$(inherited) @executable_path/Frameworks @loader_path/Frameworks";
				PRODUCT_BUNDLE_IDENTIFIER = "com.rstintl.docta.Delivery-BoyUITests";
				PRODUCT_NAME = "$(TARGET_NAME)";
				SWIFT_VERSION = 3.0;
				TEST_TARGET_NAME = "Delivery Boy";
			};
			name = Release;
		};
/* End XCBuildConfiguration section */

/* Begin XCConfigurationList section */
		2FC7C4C41F581767002AB65B /* Build configuration list for PBXProject "Delivery Boy" */ = {
			isa = XCConfigurationList;
			buildConfigurations = (
				2FC7C4EF1F581768002AB65B /* Debug */,
				2FC7C4F01F581768002AB65B /* Release */,
			);
			defaultConfigurationIsVisible = 0;
			defaultConfigurationName = Release;
		};
		2FC7C4F11F581768002AB65B /* Build configuration list for PBXNativeTarget "Delivery Boy" */ = {
			isa = XCConfigurationList;
			buildConfigurations = (
				2FC7C4F21F581768002AB65B /* Debug */,
				2FC7C4F31F581768002AB65B /* Release */,
			);
			defaultConfigurationIsVisible = 0;
			defaultConfigurationName = Release;
		};
		2FC7C4F41F581768002AB65B /* Build configuration list for PBXNativeTarget "Delivery BoyTests" */ = {
			isa = XCConfigurationList;
			buildConfigurations = (
				2FC7C4F51F581768002AB65B /* Debug */,
				2FC7C4F61F581768002AB65B /* Release */,
			);
			defaultConfigurationIsVisible = 0;
			defaultConfigurationName = Release;
		};
		2FC7C4F71F581768002AB65B /* Build configuration list for PBXNativeTarget "Delivery BoyUITests" */ = {
			isa = XCConfigurationList;
			buildConfigurations = (
				2FC7C4F81F581768002AB65B /* Debug */,
				2FC7C4F91F581768002AB65B /* Release */,
			);
			defaultConfigurationIsVisible = 0;
			defaultConfigurationName = Release;
		};
/* End XCConfigurationList section */
	};
	rootObject = 2FC7C4C11F581767002AB65B /* Project object */;
}
